<?xml version="1.0" encoding="utf-8"?>
<Project ToolsVersion="4.0" xmlns="http://schemas.microsoft.com/developer/msbuild/2003">
  <ItemGroup>
    <Filter Include="Source Files">
      <UniqueIdentifier>{4FC737F1-C7A5-4376-A066-2A32D752A2FF}</UniqueIdentifier>
      <Extensions>cpp;c;cc;cxx;c++;cppm;ixx;def;odl;idl;hpj;bat;asm;asmx</Extensions>
    </Filter>
    <Filter Include="Header Files">
      <UniqueIdentifier>{93995380-89BD-4b04-88EB-625FBE52EBFB}</UniqueIdentifier>
      <Extensions>h;hh;hpp;hxx;h++;hm;inl;inc;ipp;xsd</Extensions>
    </Filter>
    <Filter Include="Resource Files">
      <UniqueIdentifier>{67DA6AB6-F800-4c08-8B7A-83BB121AAD01}</UniqueIdentifier>
      <Extensions>rc;ico;cur;bmp;dlg;rc2;rct;bin;rgs;gif;jpg;jpeg;jpe;resx;tiff;tif;png;wav;mfcribbon-ms</Extensions>
    </Filter>
    <Filter Include="shaders">
      <UniqueIdentifier>{97029432-2280-4f7b-bc9a-a607fdcf19f5}</UniqueIdentifier>
    </Filter>
    <Filter Include="Source Files\ImGui">
      <UniqueIdentifier>{9907f246-9319-4889-ab9c-a19cd6256fc2}</UniqueIdentifier>
    </Filter>
  </ItemGroup>
  <ItemGroup>
    <ClCompile Include="main.cpp">
      <Filter>Source Files</Filter>
    </ClCompile>
    <ClCompile Include="VTA_Window.cpp">
      <Filter>Source Files</Filter>
    </ClCompile>
    <ClCompile Include="AppControl.cpp">
      <Filter>Source Files</Filter>
    </ClCompile>
    <ClCompile Include="VTA_pipeline.cpp">
      <Filter>Source Files</Filter>
    </ClCompile>
    <ClCompile Include="VTA_device.cpp">
      <Filter>Source Files</Filter>
    </ClCompile>
    <ClCompile Include="VTA_swap_chain.cpp">
      <Filter>Source Files</Filter>
    </ClCompile>
    <ClCompile Include="VTA_model.cpp">
      <Filter>Source Files</Filter>
    </ClCompile>
    <ClCompile Include="VTA_game_object.cpp">
      <Filter>Source Files</Filter>
    </ClCompile>
    <ClCompile Include="VTA_renderer.cpp">
      <Filter>Source Files</Filter>
    </ClCompile>
    <ClCompile Include="simple_render_system.cpp">
      <Filter>Source Files</Filter>
    </ClCompile>
    <ClCompile Include="VTA_camera.cpp">
      <Filter>Source Files</Filter>
    </ClCompile>
    <ClCompile Include="keyboard_movement_controller.cpp">
      <Filter>Source Files</Filter>
    </ClCompile>
    <ClCompile Include="VTA_buffer.cpp">
      <Filter>Source Files</Filter>
    </ClCompile>
    <ClCompile Include="VTA_frame_info.cpp">
      <Filter>Source Files</Filter>
    </ClCompile>
    <ClCompile Include="VTA_descriptors.cpp">
      <Filter>Source Files</Filter>
    </ClCompile>
    <ClCompile Include="point_light_system.cpp">
      <Filter>Source Files</Filter>
    </ClCompile>
    <ClCompile Include="VTA_image.cpp">
      <Filter>Source Files</Filter>
    </ClCompile>
    <ClCompile Include="stb_image_impl.cpp">
      <Filter>Source Files</Filter>
    </ClCompile>
    <ClCompile Include="lib\ImGui\cpp_files\imgui.cpp">
      <Filter>Source Files\ImGui</Filter>
    </ClCompile>
    <ClCompile Include="lib\ImGui\cpp_files\imgui_draw.cpp">
      <Filter>Source Files\ImGui</Filter>
    </ClCompile>
    <ClCompile Include="lib\ImGui\cpp_files\imgui_impl_glfw.cpp">
      <Filter>Source Files\ImGui</Filter>
    </ClCompile>
    <ClCompile Include="lib\ImGui\cpp_files\imgui_impl_vulkan.cpp">
      <Filter>Source Files\ImGui</Filter>
    </ClCompile>
    <ClCompile Include="lib\ImGui\cpp_files\imgui_tables.cpp">
      <Filter>Source Files\ImGui</Filter>
    </ClCompile>
    <ClCompile Include="lib\ImGui\cpp_files\imgui_widgets.cpp">
      <Filter>Source Files\ImGui</Filter>
    </ClCompile>
    <ClCompile Include="editor_ui_render_system.cpp">
      <Filter>Source Files</Filter>
    </ClCompile>
    <ClCompile Include="FlatMesh.cpp">
      <Filter>Source Files</Filter>
    </ClCompile>
    <ClCompile Include="VTA_Widget.cpp">
      <Filter>Source Files</Filter>
    </ClCompile>
  </ItemGroup>
  <ItemGroup>
    <ClInclude Include="VTA_Window.h">
      <Filter>Header Files</Filter>
    </ClInclude>
    <ClInclude Include="AppControl.h">
      <Filter>Header Files</Filter>
    </ClInclude>
    <ClInclude Include="VTA_pipeline.h">
      <Filter>Header Files</Filter>
    </ClInclude>
    <ClInclude Include="VTA_device.hpp">
      <Filter>Header Files</Filter>
    </ClInclude>
    <ClInclude Include="VTA_swap_chain.hpp">
      <Filter>Header Files</Filter>
    </ClInclude>
    <ClInclude Include="VTA_model.h">
      <Filter>Header Files</Filter>
    </ClInclude>
    <ClInclude Include="VTA_game_object.h">
      <Filter>Header Files</Filter>
    </ClInclude>
    <ClInclude Include="VTA_renderer.h">
      <Filter>Header Files</Filter>
    </ClInclude>
    <ClInclude Include="simple_render_system.h">
      <Filter>Header Files</Filter>
    </ClInclude>
    <ClInclude Include="VTA_camera.h">
      <Filter>Header Files</Filter>
    </ClInclude>
    <ClInclude Include="keyboard_movement_controller.h">
      <Filter>Header Files</Filter>
    </ClInclude>
    <ClInclude Include="VTA_utils.h">
      <Filter>Header Files</Filter>
    </ClInclude>
    <ClInclude Include="VTA_buffer.h">
      <Filter>Header Files</Filter>
    </ClInclude>
    <ClInclude Include="VTA_frame_info.h">
      <Filter>Header Files</Filter>
    </ClInclude>
    <ClInclude Include="VTA_descriptors.h">
      <Filter>Header Files</Filter>
    </ClInclude>
    <ClInclude Include="point_light_system.h">
      <Filter>Header Files</Filter>
    </ClInclude>
    <ClInclude Include="VTA_image.h">
      <Filter>Header Files</Filter>
    </ClInclude>
    <ClInclude Include="editor_ui_render_system.h">
      <Filter>Header Files</Filter>
    </ClInclude>
    <ClInclude Include="FontAtlas.h">
      <Filter>Header Files</Filter>
    </ClInclude>
    <ClInclude Include="FlatMesh.h">
      <Filter>Header Files</Filter>
    </ClInclude>
    <ClInclude Include="VTA_Widget.h">
      <Filter>Header Files</Filter>
    </ClInclude>
  </ItemGroup>
  <ItemGroup>
    <None Include="compile.bat" />
    <None Include="simple_shader.vert">
      <Filter>shaders</Filter>
    </None>
    <None Include="simple_shader.frag">
      <Filter>shaders</Filter>
    </None>
    <None Include="point_light.frag">
      <Filter>shaders</Filter>
    </None>
    <None Include="point_light.vert">
      <Filter>shaders</Filter>
    </None>
  </ItemGroup>
</Project>